# THIS IS AN AUTOGENERATED FILE. DO NOT EDIT THIS FILE DIRECTLY.
# yarn lockfile v1


"@babel/runtime@^7.0.0":
  version "7.11.2"
  resolved "https://registry.npm.taobao.org/@babel/runtime/download/@babel/runtime-7.11.2.tgz#f549c13c754cc40b87644b9fa9f09a6a95fe0736"
  integrity sha1-9UnBPHVMxAuHZEufqfCaapX+BzY=
  dependencies:
    regenerator-runtime "^0.13.4"

"@ethersproject/abi@^5.0.5":
  version "5.0.5"
  resolved "https://registry.npm.taobao.org/@ethersproject/abi/download/@ethersproject/abi-5.0.5.tgz#6e7bbf9d014791334233ba18da85331327354aa1"
  integrity sha1-bnu/nQFHkTNCM7oY2oUzEyc1SqE=
  dependencies:
    "@ethersproject/address" "^5.0.4"
    "@ethersproject/bignumber" "^5.0.7"
    "@ethersproject/bytes" "^5.0.4"
    "@ethersproject/constants" "^5.0.4"
    "@ethersproject/hash" "^5.0.4"
    "@ethersproject/keccak256" "^5.0.3"
    "@ethersproject/logger" "^5.0.5"
    "@ethersproject/properties" "^5.0.3"
    "@ethersproject/strings" "^5.0.4"

"@ethersproject/abstract-provider@^5.0.4":
  version "5.0.4"
  resolved "https://registry.npm.taobao.org/@ethersproject/abstract-provider/download/@ethersproject/abstract-provider-5.0.4.tgz#ef12df8cb5e66d0d47b567ad6ed642d682043773"
  integrity sha1-7xLfjLXmbQ1HtWetbtZC1oIEN3M=
  dependencies:
    "@ethersproject/bignumber" "^5.0.7"
    "@ethersproject/bytes" "^5.0.4"
    "@ethersproject/logger" "^5.0.5"
    "@ethersproject/networks" "^5.0.3"
    "@ethersproject/properties" "^5.0.3"
    "@ethersproject/transactions" "^5.0.5"
    "@ethersproject/web" "^5.0.6"

"@ethersproject/abstract-signer@^5.0.4":
  version "5.0.5"
  resolved "https://registry.npm.taobao.org/@ethersproject/abstract-signer/download/@ethersproject/abstract-signer-5.0.5.tgz#d1cdea6b0b82fb8e4a83f6899ba84d3dc3bb6e66"
  integrity sha1-0c3qawuC+45Kg/aJm6hNPcO7bmY=
  dependencies:
    "@ethersproject/abstract-provider" "^5.0.4"
    "@ethersproject/bignumber" "^5.0.7"
    "@ethersproject/bytes" "^5.0.4"
    "@ethersproject/logger" "^5.0.5"
    "@ethersproject/properties" "^5.0.3"

"@ethersproject/address@^5.0.4":
  version "5.0.4"
  resolved "https://registry.npm.taobao.org/@ethersproject/address/download/@ethersproject/address-5.0.4.tgz#8669bcbd02f4b64f4cede0a10e84df6d964ec9d3"
  integrity sha1-hmm8vQL0tk9M7eChDoTfbZZOydM=
  dependencies:
    "@ethersproject/bignumber" "^5.0.7"
    "@ethersproject/bytes" "^5.0.4"
    "@ethersproject/keccak256" "^5.0.3"
    "@ethersproject/logger" "^5.0.5"
    "@ethersproject/rlp" "^5.0.3"
    bn.js "^4.4.0"

"@ethersproject/base64@^5.0.3":
  version "5.0.3"
  resolved "https://registry.npm.taobao.org/@ethersproject/base64/download/@ethersproject/base64-5.0.3.tgz#d0aaa32c9ab08e2d62a6238581607ab6e929297e"
  integrity sha1-0KqjLJqwji1ipiOFgWB6tukpKX4=
  dependencies:
    "@ethersproject/bytes" "^5.0.4"

"@ethersproject/basex@^5.0.3":
  version "5.0.3"
  resolved "https://registry.npm.taobao.org/@ethersproject/basex/download/@ethersproject/basex-5.0.3.tgz#f8c9bc449a089131f52cfa8698cf77bc22e27e32"
  integrity sha1-+Mm8RJoIkTH1LPqGmM93vCLifjI=
  dependencies:
    "@ethersproject/bytes" "^5.0.4"
    "@ethersproject/properties" "^5.0.3"

"@ethersproject/bignumber@^5.0.7":
  version "5.0.7"
  resolved "https://registry.npm.taobao.org/@ethersproject/bignumber/download/@ethersproject/bignumber-5.0.7.tgz#720b3e3df3e125a99669ee869478106d0afe7b76"
  integrity sha1-cgs+PfPhJamWae6GlHgQbQr+e3Y=
  dependencies:
    "@ethersproject/bytes" "^5.0.4"
    "@ethersproject/logger" "^5.0.5"
    bn.js "^4.4.0"

"@ethersproject/bytes@^5.0.4":
  version "5.0.4"
  resolved "https://registry.npm.taobao.org/@ethersproject/bytes/download/@ethersproject/bytes-5.0.4.tgz#328d9d929a3e970964ecf5d62e12568a187189f1"
  integrity sha1-Mo2dkpo+lwlk7PXWLhJWihhxifE=
  dependencies:
    "@ethersproject/logger" "^5.0.5"

"@ethersproject/constants@^5.0.4":
  version "5.0.4"
  resolved "https://registry.npm.taobao.org/@ethersproject/constants/download/@ethersproject/constants-5.0.4.tgz#9ddaa5f3c738a94e5adc4b3f71b36206fa5cdf88"
  integrity sha1-ndql88c4qU5a3Es/cbNiBvpc34g=
  dependencies:
    "@ethersproject/bignumber" "^5.0.7"

"@ethersproject/contracts@^5.0.4":
  version "5.0.4"
  resolved "https://registry.npm.taobao.org/@ethersproject/contracts/download/@ethersproject/contracts-5.0.4.tgz#27a2d7e3a7eef9bd8d006824ac2a74157b523988"
  integrity sha1-J6LX46fu+b2NAGgkrCp0FXtSOYg=
  dependencies:
    "@ethersproject/abi" "^5.0.5"
    "@ethersproject/abstract-provider" "^5.0.4"
    "@ethersproject/abstract-signer" "^5.0.4"
    "@ethersproject/address" "^5.0.4"
    "@ethersproject/bignumber" "^5.0.7"
    "@ethersproject/bytes" "^5.0.4"
    "@ethersproject/constants" "^5.0.4"
    "@ethersproject/logger" "^5.0.5"
    "@ethersproject/properties" "^5.0.3"

"@ethersproject/hash@^5.0.4":
  version "5.0.4"
  resolved "https://registry.npm.taobao.org/@ethersproject/hash/download/@ethersproject/hash-5.0.4.tgz#385642786405d236f3d2f1acdfaf250ab519cdac"
  integrity sha1-OFZCeGQF0jbz0vGs368lCrUZzaw=
  dependencies:
    "@ethersproject/bytes" "^5.0.4"
    "@ethersproject/keccak256" "^5.0.3"
    "@ethersproject/logger" "^5.0.5"
    "@ethersproject/strings" "^5.0.4"

"@ethersproject/hdnode@^5.0.4":
  version "5.0.4"
  resolved "https://registry.npm.taobao.org/@ethersproject/hdnode/download/@ethersproject/hdnode-5.0.4.tgz#9c07a87781b24b9cae3507fe9404361c5870f1b7"
  integrity sha1-nAeod4GyS5yuNQf+lAQ2HFhw8bc=
  dependencies:
    "@ethersproject/abstract-signer" "^5.0.4"
    "@ethersproject/basex" "^5.0.3"
    "@ethersproject/bignumber" "^5.0.7"
    "@ethersproject/bytes" "^5.0.4"
    "@ethersproject/logger" "^5.0.5"
    "@ethersproject/pbkdf2" "^5.0.3"
    "@ethersproject/properties" "^5.0.3"
    "@ethersproject/sha2" "^5.0.3"
    "@ethersproject/signing-key" "^5.0.4"
    "@ethersproject/strings" "^5.0.4"
    "@ethersproject/transactions" "^5.0.5"
    "@ethersproject/wordlists" "^5.0.4"

"@ethersproject/json-wallets@^5.0.6":
  version "5.0.6"
  resolved "https://registry.npm.taobao.org/@ethersproject/json-wallets/download/@ethersproject/json-wallets-5.0.6.tgz#c6c1818dcab18ecf3f37fa59ca504b9bc162d559"
  integrity sha1-xsGBjcqxjs8/N/pZylBLm8Fi1Vk=
  dependencies:
    "@ethersproject/abstract-signer" "^5.0.4"
    "@ethersproject/address" "^5.0.4"
    "@ethersproject/bytes" "^5.0.4"
    "@ethersproject/hdnode" "^5.0.4"
    "@ethersproject/keccak256" "^5.0.3"
    "@ethersproject/logger" "^5.0.5"
    "@ethersproject/pbkdf2" "^5.0.3"
    "@ethersproject/properties" "^5.0.3"
    "@ethersproject/random" "^5.0.3"
    "@ethersproject/strings" "^5.0.4"
    "@ethersproject/transactions" "^5.0.5"
    aes-js "3.0.0"
    scrypt-js "3.0.1"

"@ethersproject/keccak256@^5.0.3":
  version "5.0.3"
  resolved "https://registry.npm.taobao.org/@ethersproject/keccak256/download/@ethersproject/keccak256-5.0.3.tgz#f094a8fca3bb913c044593c4f382be424292e588"
  integrity sha1-8JSo/KO7kTwERZPE84K+QkKS5Yg=
  dependencies:
    "@ethersproject/bytes" "^5.0.4"
    js-sha3 "0.5.7"

"@ethersproject/logger@^5.0.5":
  version "5.0.5"
  resolved "https://registry.npm.taobao.org/@ethersproject/logger/download/@ethersproject/logger-5.0.5.tgz#e3ba3d0bcf9f5be4da5f043b1e328eb98b80002f"
  integrity sha1-47o9C8+fW+TaXwQ7HjKOuYuAAC8=

"@ethersproject/networks@^5.0.3":
  version "5.0.3"
  resolved "https://registry.npm.taobao.org/@ethersproject/networks/download/@ethersproject/networks-5.0.3.tgz#c4ebe56e79ca399247382627e50a022aa68ece55"
  integrity sha1-xOvlbnnKOZJHOCYn5QoCKqaOzlU=
  dependencies:
    "@ethersproject/logger" "^5.0.5"

"@ethersproject/pbkdf2@^5.0.3":
  version "5.0.3"
  resolved "https://registry.npm.taobao.org/@ethersproject/pbkdf2/download/@ethersproject/pbkdf2-5.0.3.tgz#f9eca284a458cd11179d407884c595412d8d2775"
  integrity sha1-+eyihKRYzREXnUB4hMWVQS2NJ3U=
  dependencies:
    "@ethersproject/bytes" "^5.0.4"
    "@ethersproject/sha2" "^5.0.3"

"@ethersproject/properties@^5.0.3":
  version "5.0.3"
  resolved "https://registry.npm.taobao.org/@ethersproject/properties/download/@ethersproject/properties-5.0.3.tgz#991aef39a5f87d4645cee76cec4df868bfb08be6"
  integrity sha1-mRrvOaX4fUZFzuds7E34aL+wi+Y=
  dependencies:
    "@ethersproject/logger" "^5.0.5"

"@ethersproject/providers@^5.0.8":
  version "5.0.9"
  resolved "https://registry.npm.taobao.org/@ethersproject/providers/download/@ethersproject/providers-5.0.9.tgz?cache=0&sync_timestamp=1600305444818&other_urls=https%3A%2F%2Fregistry.npm.taobao.org%2F%40ethersproject%2Fproviders%2Fdownload%2F%40ethersproject%2Fproviders-5.0.9.tgz#88b48596dcfb0848a89da3160d2e2a055fc899f6"
  integrity sha1-iLSFltz7CEionaMWDS4qBV/ImfY=
  dependencies:
    "@ethersproject/abstract-provider" "^5.0.4"
    "@ethersproject/abstract-signer" "^5.0.4"
    "@ethersproject/address" "^5.0.4"
    "@ethersproject/basex" "^5.0.3"
    "@ethersproject/bignumber" "^5.0.7"
    "@ethersproject/bytes" "^5.0.4"
    "@ethersproject/constants" "^5.0.4"
    "@ethersproject/hash" "^5.0.4"
    "@ethersproject/logger" "^5.0.5"
    "@ethersproject/networks" "^5.0.3"
    "@ethersproject/properties" "^5.0.3"
    "@ethersproject/random" "^5.0.3"
    "@ethersproject/rlp" "^5.0.3"
    "@ethersproject/sha2" "^5.0.3"
    "@ethersproject/strings" "^5.0.4"
    "@ethersproject/transactions" "^5.0.5"
    "@ethersproject/web" "^5.0.6"
    bech32 "1.1.4"
    ws "7.2.3"

"@ethersproject/random@^5.0.3":
  version "5.0.3"
  resolved "https://registry.npm.taobao.org/@ethersproject/random/download/@ethersproject/random-5.0.3.tgz#ec16546fffdc10b9082f1207bd3a09f54cbcf5e6"
  integrity sha1-7BZUb//cELkILxIHvToJ9Uy89eY=
  dependencies:
    "@ethersproject/bytes" "^5.0.4"
    "@ethersproject/logger" "^5.0.5"

"@ethersproject/rlp@^5.0.3":
  version "5.0.3"
  resolved "https://registry.npm.taobao.org/@ethersproject/rlp/download/@ethersproject/rlp-5.0.3.tgz#841a5edfdf725f92155fe74424f5510c9043c13a"
  integrity sha1-hBpe399yX5IVX+dEJPVRDJBDwTo=
  dependencies:
    "@ethersproject/bytes" "^5.0.4"
    "@ethersproject/logger" "^5.0.5"

"@ethersproject/sha2@^5.0.3":
  version "5.0.3"
  resolved "https://registry.npm.taobao.org/@ethersproject/sha2/download/@ethersproject/sha2-5.0.3.tgz#52c16edc1135d0ec7d242d88eed035dae72800c0"
  integrity sha1-UsFu3BE10Ox9JC2I7tA12ucoAMA=
  dependencies:
    "@ethersproject/bytes" "^5.0.4"
    "@ethersproject/logger" "^5.0.5"
    hash.js "1.1.3"

"@ethersproject/signing-key@^5.0.4":
  version "5.0.4"
  resolved "https://registry.npm.taobao.org/@ethersproject/signing-key/download/@ethersproject/signing-key-5.0.4.tgz#a5334ce8a52d4e9736dc8fb6ecc384704ecf8783"
  integrity sha1-pTNM6KUtTpc23I+27MOEcE7Ph4M=
  dependencies:
    "@ethersproject/bytes" "^5.0.4"
    "@ethersproject/logger" "^5.0.5"
    "@ethersproject/properties" "^5.0.3"
    elliptic "6.5.3"

"@ethersproject/solidity@^5.0.4":
  version "5.0.4"
  resolved "https://registry.npm.taobao.org/@ethersproject/solidity/download/@ethersproject/solidity-5.0.4.tgz#67022cbfb50cb73b72d1739178537a9e798945bf"
  integrity sha1-ZwIsv7UMtzty0XOReFN6nnmJRb8=
  dependencies:
    "@ethersproject/bignumber" "^5.0.7"
    "@ethersproject/bytes" "^5.0.4"
    "@ethersproject/keccak256" "^5.0.3"
    "@ethersproject/sha2" "^5.0.3"
    "@ethersproject/strings" "^5.0.4"

"@ethersproject/strings@^5.0.4":
  version "5.0.4"
  resolved "https://registry.npm.taobao.org/@ethersproject/strings/download/@ethersproject/strings-5.0.4.tgz#67cda604eee3ffcc004cb9f3bd03516e1c7b09a0"
  integrity sha1-Z82mBO7j/8wATLnzvQNRbhx7CaA=
  dependencies:
    "@ethersproject/bytes" "^5.0.4"
    "@ethersproject/constants" "^5.0.4"
    "@ethersproject/logger" "^5.0.5"

"@ethersproject/transactions@^5.0.5":
  version "5.0.5"
  resolved "https://registry.npm.taobao.org/@ethersproject/transactions/download/@ethersproject/transactions-5.0.5.tgz#9a966f9ef4817b1752265d4efee0f1e9fd6aeaad"
  integrity sha1-mpZvnvSBexdSJl1O/uDx6f1q6q0=
  dependencies:
    "@ethersproject/address" "^5.0.4"
    "@ethersproject/bignumber" "^5.0.7"
    "@ethersproject/bytes" "^5.0.4"
    "@ethersproject/constants" "^5.0.4"
    "@ethersproject/keccak256" "^5.0.3"
    "@ethersproject/logger" "^5.0.5"
    "@ethersproject/properties" "^5.0.3"
    "@ethersproject/rlp" "^5.0.3"
    "@ethersproject/signing-key" "^5.0.4"

"@ethersproject/units@^5.0.4":
  version "5.0.4"
  resolved "https://registry.npm.taobao.org/@ethersproject/units/download/@ethersproject/units-5.0.4.tgz#e08876b54e1f6b362a841dcd986496a425875735"
  integrity sha1-4Ih2tU4fazYqhB3NmGSWpCWHVzU=
  dependencies:
    "@ethersproject/bignumber" "^5.0.7"
    "@ethersproject/constants" "^5.0.4"
    "@ethersproject/logger" "^5.0.5"

"@ethersproject/wallet@^5.0.4":
  version "5.0.4"
  resolved "https://registry.npm.taobao.org/@ethersproject/wallet/download/@ethersproject/wallet-5.0.4.tgz#b414ae2870fc0ea10808330f0ab3c5a1ac9e34e1"
  integrity sha1-tBSuKHD8DqEICDMPCrPFoayeNOE=
  dependencies:
    "@ethersproject/abstract-provider" "^5.0.4"
    "@ethersproject/abstract-signer" "^5.0.4"
    "@ethersproject/address" "^5.0.4"
    "@ethersproject/bignumber" "^5.0.7"
    "@ethersproject/bytes" "^5.0.4"
    "@ethersproject/hash" "^5.0.4"
    "@ethersproject/hdnode" "^5.0.4"
    "@ethersproject/json-wallets" "^5.0.6"
    "@ethersproject/keccak256" "^5.0.3"
    "@ethersproject/logger" "^5.0.5"
    "@ethersproject/properties" "^5.0.3"
    "@ethersproject/random" "^5.0.3"
    "@ethersproject/signing-key" "^5.0.4"
    "@ethersproject/transactions" "^5.0.5"
    "@ethersproject/wordlists" "^5.0.4"

"@ethersproject/web@^5.0.6":
  version "5.0.7"
  resolved "https://registry.npm.taobao.org/@ethersproject/web/download/@ethersproject/web-5.0.7.tgz?cache=0&sync_timestamp=1600305437520&other_urls=https%3A%2F%2Fregistry.npm.taobao.org%2F%40ethersproject%2Fweb%2Fdownload%2F%40ethersproject%2Fweb-5.0.7.tgz#ab8ccffa9cee9469a8b49af8b8fee30e384e59d8"
  integrity sha1-q4zP+pzulGmotJr4uP7jDjhOWdg=
  dependencies:
    "@ethersproject/base64" "^5.0.3"
    "@ethersproject/bytes" "^5.0.4"
    "@ethersproject/logger" "^5.0.5"
    "@ethersproject/properties" "^5.0.3"
    "@ethersproject/strings" "^5.0.4"

"@ethersproject/wordlists@^5.0.4":
  version "5.0.4"
  resolved "https://registry.npm.taobao.org/@ethersproject/wordlists/download/@ethersproject/wordlists-5.0.4.tgz#76a7e1dfd95aea645f6be2c1932b3f89b7f0c4ce"
  integrity sha1-dqfh39la6mRfa+LBkys/ibfwxM4=
  dependencies:
    "@ethersproject/bytes" "^5.0.4"
    "@ethersproject/hash" "^5.0.4"
    "@ethersproject/logger" "^5.0.5"
    "@ethersproject/properties" "^5.0.3"
    "@ethersproject/strings" "^5.0.4"

"@types/color-name@^1.1.1":
  version "1.1.1"
  resolved "https://registry.npm.taobao.org/@types/color-name/download/@types/color-name-1.1.1.tgz#1c1261bbeaa10a8055bbc5d8ab84b7b2afc846a0"
  integrity sha1-HBJhu+qhCoBVu8XYq4S3sq/IRqA=

aes-js@3.0.0:
  version "3.0.0"
  resolved "https://registry.npm.taobao.org/aes-js/download/aes-js-3.0.0.tgz#e21df10ad6c2053295bcbb8dab40b09dbea87e4d"
  integrity sha1-4h3xCtbCBTKVvLuNq0Cwnb6ofk0=

ansi-regex@^5.0.0:
  version "5.0.0"
  resolved "https://registry.npm.taobao.org/ansi-regex/download/ansi-regex-5.0.0.tgz#388539f55179bf39339c81af30a654d69f87cb75"
  integrity sha1-OIU59VF5vzkznIGvMKZU1p+Hy3U=

ansi-styles@^3.2.1:
  version "3.2.1"
  resolved "https://registry.npm.taobao.org/ansi-styles/download/ansi-styles-3.2.1.tgz#41fbb20243e50b12be0f04b8dedbf07520ce841d"
  integrity sha1-QfuyAkPlCxK+DwS43tvwdSDOhB0=
  dependencies:
    color-convert "^1.9.0"

ansi-styles@^4.0.0:
  version "4.2.1"
  resolved "https://registry.npm.taobao.org/ansi-styles/download/ansi-styles-4.2.1.tgz#90ae75c424d008d2624c5bf29ead3177ebfcf359"
  integrity sha1-kK51xCTQCNJiTFvynq0xd+v881k=
  dependencies:
    "@types/color-name" "^1.1.1"
    color-convert "^2.0.1"

assertion-error@^1.1.0:
  version "1.1.0"
  resolved "https://registry.npm.taobao.org/assertion-error/download/assertion-error-1.1.0.tgz#e60b6b0e8f301bd97e5375215bda406c85118c0b"
  integrity sha1-5gtrDo8wG9l+U3UhW9pAbIURjAs=

async@0.9.x:
  version "0.9.2"
  resolved "https://registry.npm.taobao.org/async/download/async-0.9.2.tgz#aea74d5e61c1f899613bf64bda66d4c78f2fd17d"
  integrity sha1-rqdNXmHB+JlhO/ZL2mbUx48v0X0=

axios@^0.19.0:
  version "0.19.2"
  resolved "https://registry.npm.taobao.org/axios/download/axios-0.19.2.tgz#3ea36c5d8818d0d5f8a8a97a6d36b86cdc00cb27"
  integrity sha1-PqNsXYgY0NX4qKl6bTa4bNwAyyc=
  dependencies:
    follow-redirects "1.5.10"

babel-runtime@^6.26.0:
  version "6.26.0"
  resolved "https://registry.npm.taobao.org/babel-runtime/download/babel-runtime-6.26.0.tgz#965c7058668e82b55d7bfe04ff2337bc8b5647fe"
  integrity sha1-llxwWGaOgrVde/4E/yM3vItWR/4=
  dependencies:
    core-js "^2.4.0"
    regenerator-runtime "^0.11.0"

balanced-match@^1.0.0:
  version "1.0.0"
  resolved "https://registry.npm.taobao.org/balanced-match/download/balanced-match-1.0.0.tgz#89b4d199ab2bee49de164ea02b89ce462d71b767"
  integrity sha1-ibTRmasr7kneFk6gK4nORi1xt2c=

bech32@1.1.4:
  version "1.1.4"
  resolved "https://registry.npm.taobao.org/bech32/download/bech32-1.1.4.tgz#e38c9f37bf179b8eb16ae3a772b40c356d4832e9"
  integrity sha1-44yfN78Xm46xauOncrQMNW1IMuk=

big-integer@^1.6.42, big-integer@^1.6.48:
  version "1.6.48"
  resolved "https://registry.npm.taobao.org/big-integer/download/big-integer-1.6.48.tgz#8fd88bd1632cba4a1c8c3e3d7159f08bb95b4b9e"
  integrity sha1-j9iL0WMsukocjD49cVnwi7lbS54=

bignumber.js@^7.2.1:
  version "7.2.1"
  resolved "https://registry.npm.taobao.org/bignumber.js/download/bignumber.js-7.2.1.tgz#80c048759d826800807c4bfd521e50edbba57a5f"
  integrity sha1-gMBIdZ2CaACAfEv9Uh5Q7bulel8=

bindings@^1.2.1:
  version "1.5.0"
  resolved "https://registry.npm.taobao.org/bindings/download/bindings-1.5.0.tgz#10353c9e945334bc0511a6d90b38fbc7c9c504df"
  integrity sha1-EDU8npRTNLwFEabZCzj7x8nFBN8=
  dependencies:
    file-uri-to-path "1.0.0"

blake-hash@^1.1.0:
  version "1.1.1"
  resolved "https://registry.npm.taobao.org/blake-hash/download/blake-hash-1.1.1.tgz#b6251600d7812dd5097f96cb341ceae245bf9d12"
  integrity sha1-tiUWANeBLdUJf5bLNBzq4kW/nRI=
  dependencies:
    bindings "^1.2.1"
    inherits "^2.0.3"
    nan "^2.2.1"

blake2b-wasm@^1.1.0:
  version "1.1.7"
  resolved "https://registry.npm.taobao.org/blake2b-wasm/download/blake2b-wasm-1.1.7.tgz#e4d075da10068e5d4c3ec1fb9accc4d186c55d81"
  integrity sha1-5NB12hAGjl1MPsH7mszE0YbFXYE=
  dependencies:
    nanoassert "^1.0.0"

blake2b@^2.1.3:
  version "2.1.3"
  resolved "https://registry.npm.taobao.org/blake2b/download/blake2b-2.1.3.tgz#f5388be424768e7c6327025dad0c3c6d83351bca"
  integrity sha1-9TiL5CR2jnxjJwJdrQw8bYM1G8o=
  dependencies:
    blake2b-wasm "^1.1.0"
    nanoassert "^1.0.0"

blakejs@^1.1.0:
  version "1.1.0"
  resolved "https://registry.npm.taobao.org/blakejs/download/blakejs-1.1.0.tgz#69df92ef953aa88ca51a32df6ab1c54a155fc7a5"
  integrity sha1-ad+S75U6qIylGjLfarHFShVfx6U=

bn.js@^4.4.0:
  version "4.11.9"
  resolved "https://registry.npm.taobao.org/bn.js/download/bn.js-4.11.9.tgz#26d556829458f9d1e81fc48952493d0ba3507828"
  integrity sha1-JtVWgpRY+dHoH8SJUkk9C6NQeCg=

brace-expansion@^1.1.7:
  version "1.1.11"
  resolved "https://registry.npm.taobao.org/brace-expansion/download/brace-expansion-1.1.11.tgz#3c7fcbf529d87226f3d2f52b966ff5271eb441dd"
  integrity sha1-PH/L9SnYcibz0vUrlm/1Jx60Qd0=
  dependencies:
    balanced-match "^1.0.0"
    concat-map "0.0.1"

brorand@^1.0.1:
  version "1.1.0"
  resolved "https://registry.npm.taobao.org/brorand/download/brorand-1.1.0.tgz#12c25efe40a45e3c323eb8675a0a0ce57b22371f"
  integrity sha1-EsJe/kCkXjwyPrhnWgoM5XsiNx8=

camelcase@^5.0.0:
  version "5.3.1"
  resolved "https://registry.npm.taobao.org/camelcase/download/camelcase-5.3.1.tgz#e3c9b31569e106811df242f715725a1f4c494320"
  integrity sha1-48mzFWnhBoEd8kL3FXJaH0xJQyA=

chai@^4.2.0:
  version "4.2.0"
  resolved "https://registry.npm.taobao.org/chai/download/chai-4.2.0.tgz#760aa72cf20e3795e84b12877ce0e83737aa29e5"
  integrity sha1-dgqnLPION5XoSxKHfODoNzeqKeU=
  dependencies:
    assertion-error "^1.1.0"
    check-error "^1.0.2"
    deep-eql "^3.0.1"
    get-func-name "^2.0.0"
    pathval "^1.1.0"
    type-detect "^4.0.5"

chalk@^2.4.2:
  version "2.4.2"
  resolved "https://registry.npm.taobao.org/chalk/download/chalk-2.4.2.tgz#cd42541677a54333cf541a49108c1432b44c9424"
  integrity sha1-zUJUFnelQzPPVBpJEIwUMrRMlCQ=
  dependencies:
    ansi-styles "^3.2.1"
    escape-string-regexp "^1.0.5"
    supports-color "^5.3.0"

check-error@^1.0.2:
  version "1.0.2"
  resolved "https://registry.npm.taobao.org/check-error/download/check-error-1.0.2.tgz#574d312edd88bb5dd8912e9286dd6c0aed4aac82"
  integrity sha1-V00xLt2Iu13YkS6Sht1sCu1KrII=

circom@0.5.21:
  version "0.5.21"
  resolved "https://registry.npm.taobao.org/circom/download/circom-0.5.21.tgz#296785665ddd43a6f369d4ee947e83ff3a9fe7e3"
  integrity sha1-KWeFZl3dQ6bzadTulH6D/zqf5+M=
  dependencies:
    chai "^4.2.0"
    circom_runtime "0.1.4"
    fastfile "0.0.12"
    ffiasm "0.1.1"
    ffjavascript "0.2.10"
    ffwasm "0.0.7"
    fnv-plus "^1.3.1"
    r1csfile "0.0.14"
    tmp-promise "^2.0.2"
    wasmbuilder "0.0.10"

circom_runtime@0.1.4:
  version "0.1.4"
  resolved "https://registry.npm.taobao.org/circom_runtime/download/circom_runtime-0.1.4.tgz#eb8802f8743224ee603f70894b6f107d225463e4"
  integrity sha1-64gC+HQyJO5gP3CJS28QfSJUY+Q=
  dependencies:
    ffjavascript "0.2.10"
    fnv-plus "^1.3.1"

circomlib@^0.2.4:
  version "0.2.4"
  resolved "https://registry.npm.taobao.org/circomlib/download/circomlib-0.2.4.tgz#5c487e69738c90bd73527d8830d2b2413d6f68ff"
  integrity sha1-XEh+aXOMkL1zUn2IMNKyQT1vaP8=
  dependencies:
    blake-hash "^1.1.0"
    blake2b "^2.1.3"
    circom "0.5.21"
    ffjavascript "0.1.0"

cliui@^6.0.0:
  version "6.0.0"
  resolved "https://registry.npm.taobao.org/cliui/download/cliui-6.0.0.tgz#511d702c0c4e41ca156d7d0e96021f23e13225b1"
  integrity sha1-UR1wLAxOQcoVbX0OlgIfI+EyJbE=
  dependencies:
    string-width "^4.2.0"
    strip-ansi "^6.0.0"
    wrap-ansi "^6.2.0"

color-convert@^1.9.0:
  version "1.9.3"
  resolved "https://registry.npm.taobao.org/color-convert/download/color-convert-1.9.3.tgz#bb71850690e1f136567de629d2d5471deda4c1e8"
  integrity sha1-u3GFBpDh8TZWfeYp0tVHHe2kweg=
  dependencies:
    color-name "1.1.3"

color-convert@^2.0.1:
  version "2.0.1"
  resolved "https://registry.npm.taobao.org/color-convert/download/color-convert-2.0.1.tgz#72d3a68d598c9bdb3af2ad1e84f21d896abd4de3"
  integrity sha1-ctOmjVmMm9s68q0ehPIdiWq9TeM=
  dependencies:
    color-name "~1.1.4"

color-name@1.1.3:
  version "1.1.3"
  resolved "https://registry.npm.taobao.org/color-name/download/color-name-1.1.3.tgz#a7d0558bd89c42f795dd42328f740831ca53bc25"
  integrity sha1-p9BVi9icQveV3UIyj3QIMcpTvCU=

color-name@~1.1.4:
  version "1.1.4"
  resolved "https://registry.npm.taobao.org/color-name/download/color-name-1.1.4.tgz#c2a09a87acbde69543de6f63fa3995c826c536a2"
  integrity sha1-wqCah6y95pVD3m9j+jmVyCbFNqI=

concat-map@0.0.1:
  version "0.0.1"
  resolved "https://registry.npm.taobao.org/concat-map/download/concat-map-0.0.1.tgz#d8a96bd77fd68df7793a73036a3ba0d5405d477b"
  integrity sha1-2Klr13/Wjfd5OnMDajug1UBdR3s=

core-js@^2.4.0:
  version "2.6.11"
  resolved "https://registry.npm.taobao.org/core-js/download/core-js-2.6.11.tgz#38831469f9922bded8ee21c9dc46985e0399308c"
  integrity sha1-OIMUafmSK97Y7iHJ3EaYXgOZMIw=

debug@=3.1.0:
  version "3.1.0"
  resolved "https://registry.npm.taobao.org/debug/download/debug-3.1.0.tgz?cache=0&sync_timestamp=1600502826356&other_urls=https%3A%2F%2Fregistry.npm.taobao.org%2Fdebug%2Fdownload%2Fdebug-3.1.0.tgz#5bb5a0672628b64149566ba16819e61518c67261"
  integrity sha1-W7WgZyYotkFJVmuhaBnmFRjGcmE=
  dependencies:
    ms "2.0.0"

decamelize@^1.2.0:
  version "1.2.0"
  resolved "https://registry.npm.taobao.org/decamelize/download/decamelize-1.2.0.tgz#f6534d15148269b20352e7bee26f501f9a191290"
  integrity sha1-9lNNFRSCabIDUue+4m9QH5oZEpA=

deep-eql@^3.0.1:
  version "3.0.1"
  resolved "https://registry.npm.taobao.org/deep-eql/download/deep-eql-3.0.1.tgz#dfc9404400ad1c8fe023e7da1df1c147c4b444df"
  integrity sha1-38lARACtHI/gI+faHfHBR8S0RN8=
  dependencies:
    type-detect "^4.0.0"

dotenv@^8.2.0:
  version "8.2.0"
  resolved "https://registry.npm.taobao.org/dotenv/download/dotenv-8.2.0.tgz#97e619259ada750eea3e4ea3e26bceea5424b16a"
  integrity sha1-l+YZJZradQ7qPk6j4mvO6lQksWo=

ejs@^3.0.1:
  version "3.1.5"
  resolved "https://registry.npm.taobao.org/ejs/download/ejs-3.1.5.tgz#aed723844dc20acb4b170cd9ab1017e476a0d93b"
  integrity sha1-rtcjhE3CCstLFwzZqxAX5Hag2Ts=
  dependencies:
    jake "^10.6.1"

elliptic@6.5.3, elliptic@^6.5.3:
  version "6.5.3"
  resolved "https://registry.npm.taobao.org/elliptic/download/elliptic-6.5.3.tgz#cb59eb2efdaf73a0bd78ccd7015a62ad6e0f93d6"
  integrity sha1-y1nrLv2vc6C9eMzXAVpirW4Pk9Y=
  dependencies:
    bn.js "^4.4.0"
    brorand "^1.0.1"
    hash.js "^1.0.0"
    hmac-drbg "^1.0.0"
    inherits "^2.0.1"
    minimalistic-assert "^1.0.0"
    minimalistic-crypto-utils "^1.0.0"

emoji-regex@^8.0.0:
  version "8.0.0"
  resolved "https://registry.npm.taobao.org/emoji-regex/download/emoji-regex-8.0.0.tgz#e818fd69ce5ccfcb404594f842963bf53164cc37"
  integrity sha1-6Bj9ac5cz8tARZT4QpY79TFkzDc=

escape-string-regexp@^1.0.5:
  version "1.0.5"
  resolved "https://registry.npm.taobao.org/escape-string-regexp/download/escape-string-regexp-1.0.5.tgz#1b61c0562190a8dff6ae3bb2cf0200ca130b86d4"
  integrity sha1-G2HAViGQqN/2rjuyzwIAyhMLhtQ=

ethers@^5.0.8:
  version "5.0.14"
  resolved "https://registry.npm.taobao.org/ethers/download/ethers-5.0.14.tgz?cache=0&sync_timestamp=1600305420414&other_urls=https%3A%2F%2Fregistry.npm.taobao.org%2Fethers%2Fdownload%2Fethers-5.0.14.tgz#fc33613ff3c1eb04c481f32083f2be315079e2a2"
  integrity sha1-/DNhP/PB6wTEgfMgg/K+MVB54qI=
  dependencies:
    "@ethersproject/abi" "^5.0.5"
    "@ethersproject/abstract-provider" "^5.0.4"
    "@ethersproject/abstract-signer" "^5.0.4"
    "@ethersproject/address" "^5.0.4"
    "@ethersproject/base64" "^5.0.3"
    "@ethersproject/basex" "^5.0.3"
    "@ethersproject/bignumber" "^5.0.7"
    "@ethersproject/bytes" "^5.0.4"
    "@ethersproject/constants" "^5.0.4"
    "@ethersproject/contracts" "^5.0.4"
    "@ethersproject/hash" "^5.0.4"
    "@ethersproject/hdnode" "^5.0.4"
    "@ethersproject/json-wallets" "^5.0.6"
    "@ethersproject/keccak256" "^5.0.3"
    "@ethersproject/logger" "^5.0.5"
    "@ethersproject/networks" "^5.0.3"
    "@ethersproject/pbkdf2" "^5.0.3"
    "@ethersproject/properties" "^5.0.3"
    "@ethersproject/providers" "^5.0.8"
    "@ethersproject/random" "^5.0.3"
    "@ethersproject/rlp" "^5.0.3"
    "@ethersproject/sha2" "^5.0.3"
    "@ethersproject/signing-key" "^5.0.4"
    "@ethersproject/solidity" "^5.0.4"
    "@ethersproject/strings" "^5.0.4"
    "@ethersproject/transactions" "^5.0.5"
    "@ethersproject/units" "^5.0.4"
    "@ethersproject/wallet" "^5.0.4"
    "@ethersproject/web" "^5.0.6"
    "@ethersproject/wordlists" "^5.0.4"

eventemitter3@^3.1.0:
  version "3.1.2"
  resolved "https://registry.npm.taobao.org/eventemitter3/download/eventemitter3-3.1.2.tgz#2d3d48f9c346698fce83a85d7d664e98535df6e7"
  integrity sha1-LT1I+cNGaY/Og6hdfWZOmFNd9uc=

fastfile@0.0.12:
  version "0.0.12"
  resolved "https://registry.npm.taobao.org/fastfile/download/fastfile-0.0.12.tgz#302597fe2d0d19e1405851685a5ddce03e1dd6e8"
  integrity sha1-MCWX/i0NGeFAWFFoWl3c4D4d1ug=

fastfile@0.0.7:
  version "0.0.7"
  resolved "https://registry.npm.taobao.org/fastfile/download/fastfile-0.0.7.tgz#07699d90c9bd4d6f4e24226b49029a4a72f4b739"
  integrity sha1-B2mdkMm9TW9OJCJrSQKaSnL0tzk=

ffiasm@0.1.1:
  version "0.1.1"
  resolved "https://registry.npm.taobao.org/ffiasm/download/ffiasm-0.1.1.tgz#34ca6a00a875b5a926f66fd46e79530194e9c312"
  integrity sha1-NMpqAKh1takm9m/UbnlTAZTpwxI=
  dependencies:
    big-integer "^1.6.48"
    ejs "^3.0.1"
    yargs "^15.3.1"

ffjavascript@0.1.0:
  version "0.1.0"
  resolved "https://registry.npm.taobao.org/ffjavascript/download/ffjavascript-0.1.0.tgz#456256c259654cc1ce864c6762b0e76ee1714100"
  integrity sha1-RWJWwlllTMHOhkxnYrDnbuFxQQA=
  dependencies:
    big-integer "^1.6.48"

ffjavascript@0.2.10:
  version "0.2.10"
  resolved "https://registry.npm.taobao.org/ffjavascript/download/ffjavascript-0.2.10.tgz#b0bf88d69be0b51e0bd28e1966c4a6fb29a86682"
  integrity sha1-sL+I1pvgtR4L0o4ZZsSm+ymoZoI=
  dependencies:
    big-integer "^1.6.48"
    wasmcurves "0.0.5"
    worker-threads "^1.0.0"

ffjavascript@0.2.4:
  version "0.2.4"
  resolved "https://registry.npm.taobao.org/ffjavascript/download/ffjavascript-0.2.4.tgz#97675a592517aefc1d418d491fcb3ac9447597c7"
  integrity sha1-l2daWSUXrvwdQY1JH8s6yUR1l8c=
  dependencies:
    big-integer "^1.6.48"
    wasmcurves "0.0.4"
    worker-threads "^1.0.0"

ffwasm@0.0.7:
  version "0.0.7"
  resolved "https://registry.npm.taobao.org/ffwasm/download/ffwasm-0.0.7.tgz#23bb9a3537ecc87c0f24fcfb3a9ddd0e86855fff"
  integrity sha1-I7uaNTfsyHwPJPz7Op3dDoaFX/8=
  dependencies:
    big-integer "^1.6.48"
    wasmbuilder "0.0.10"

file-uri-to-path@1.0.0:
  version "1.0.0"
  resolved "https://registry.npm.taobao.org/file-uri-to-path/download/file-uri-to-path-1.0.0.tgz#553a7b8446ff6f684359c445f1e37a05dacc33dd"
  integrity sha1-VTp7hEb/b2hDWcRF8eN6BdrMM90=

filelist@^1.0.1:
  version "1.0.1"
  resolved "https://registry.npm.taobao.org/filelist/download/filelist-1.0.1.tgz#f10d1a3ae86c1694808e8f20906f43d4c9132dbb"
  integrity sha1-8Q0aOuhsFpSAjo8gkG9D1MkTLbs=
  dependencies:
    minimatch "^3.0.4"

find-up@^4.1.0:
  version "4.1.0"
  resolved "https://registry.npm.taobao.org/find-up/download/find-up-4.1.0.tgz#97afe7d6cdc0bc5928584b7c8d7b16e8a9aa5d19"
  integrity sha1-l6/n1s3AvFkoWEt8jXsW6KmqXRk=
  dependencies:
    locate-path "^5.0.0"
    path-exists "^4.0.0"

fnv-plus@^1.3.1:
  version "1.3.1"
  resolved "https://registry.npm.taobao.org/fnv-plus/download/fnv-plus-1.3.1.tgz#c34cb4572565434acb08ba257e4044ce2b006d67"
  integrity sha1-w0y0VyVlQ0rLCLolfkBEzisAbWc=

follow-redirects@1.5.10:
  version "1.5.10"
  resolved "https://registry.npm.taobao.org/follow-redirects/download/follow-redirects-1.5.10.tgz#7b7a9f9aea2fdff36786a94ff643ed07f4ff5e2a"
  integrity sha1-e3qfmuov3/NnhqlP9kPtB/T/Xio=
  dependencies:
    debug "=3.1.0"

fs.realpath@^1.0.0:
  version "1.0.0"
  resolved "https://registry.npm.taobao.org/fs.realpath/download/fs.realpath-1.0.0.tgz#1504ad2523158caa40db4a2787cb01411994ea4f"
  integrity sha1-FQStJSMVjKpA20onh8sBQRmU6k8=

get-caller-file@^2.0.1:
  version "2.0.5"
  resolved "https://registry.npm.taobao.org/get-caller-file/download/get-caller-file-2.0.5.tgz#4f94412a82db32f36e3b0b9741f8a97feb031f7e"
  integrity sha1-T5RBKoLbMvNuOwuXQfipf+sDH34=

get-func-name@^2.0.0:
  version "2.0.0"
  resolved "https://registry.npm.taobao.org/get-func-name/download/get-func-name-2.0.0.tgz#ead774abee72e20409433a066366023dd6887a41"
  integrity sha1-6td0q+5y4gQJQzoGY2YCPdaIekE=

glob@^7.1.3:
  version "7.1.6"
  resolved "https://registry.npm.taobao.org/glob/download/glob-7.1.6.tgz#141f33b81a7c2492e125594307480c46679278a6"
  integrity sha1-FB8zuBp8JJLhJVlDB0gMRmeSeKY=
  dependencies:
    fs.realpath "^1.0.0"
    inflight "^1.0.4"
    inherits "2"
    minimatch "^3.0.4"
    once "^1.3.0"
    path-is-absolute "^1.0.0"

has-flag@^3.0.0:
  version "3.0.0"
  resolved "https://registry.npm.taobao.org/has-flag/download/has-flag-3.0.0.tgz#b5d454dc2199ae225699f3467e5a07f3b955bafd"
  integrity sha1-tdRU3CGZriJWmfNGfloH87lVuv0=

hash.js@1.1.3:
  version "1.1.3"
  resolved "https://registry.npm.taobao.org/hash.js/download/hash.js-1.1.3.tgz#340dedbe6290187151c1ea1d777a3448935df846"
  integrity sha1-NA3tvmKQGHFRweodd3o0SJNd+EY=
  dependencies:
    inherits "^2.0.3"
    minimalistic-assert "^1.0.0"

hash.js@^1.0.0, hash.js@^1.0.3:
  version "1.1.7"
  resolved "https://registry.npm.taobao.org/hash.js/download/hash.js-1.1.7.tgz#0babca538e8d4ee4a0f8988d68866537a003cf42"
  integrity sha1-C6vKU46NTuSg+JiNaIZlN6ADz0I=
  dependencies:
    inherits "^2.0.3"
    minimalistic-assert "^1.0.1"

hmac-drbg@^1.0.0:
  version "1.0.1"
  resolved "https://registry.npm.taobao.org/hmac-drbg/download/hmac-drbg-1.0.1.tgz#d2745701025a6c775a6c545793ed502fc0c649a1"
  integrity sha1-0nRXAQJabHdabFRXk+1QL8DGSaE=
  dependencies:
    hash.js "^1.0.3"
    minimalistic-assert "^1.0.0"
    minimalistic-crypto-utils "^1.0.1"

inflight@^1.0.4:
  version "1.0.6"
  resolved "https://registry.npm.taobao.org/inflight/download/inflight-1.0.6.tgz#49bd6331d7d02d0c09bc910a1075ba8165b56df9"
  integrity sha1-Sb1jMdfQLQwJvJEKEHW6gWW1bfk=
  dependencies:
    once "^1.3.0"
    wrappy "1"

inherits@2, inherits@^2.0.1, inherits@^2.0.3:
  version "2.0.4"
  resolved "https://registry.npm.taobao.org/inherits/download/inherits-2.0.4.tgz#0fa2c64f932917c3433a0ded55363aae37416b7c"
  integrity sha1-D6LGT5MpF8NDOg3tVTY6rjdBa3w=

injectpromise@^1.0.0:
  version "1.0.0"
  resolved "https://registry.npm.taobao.org/injectpromise/download/injectpromise-1.0.0.tgz#c621f7df2bbfc1164d714f1fb229adec2079da39"
  integrity sha1-xiH33yu/wRZNcU8fsimt7CB52jk=

is-fullwidth-code-point@^3.0.0:
  version "3.0.0"
  resolved "https://registry.npm.taobao.org/is-fullwidth-code-point/download/is-fullwidth-code-point-3.0.0.tgz#f116f8064fe90b3f7844a38997c0b75051269f1d"
  integrity sha1-8Rb4Bk/pCz94RKOJl8C3UFEmnx0=

jake@^10.6.1:
  version "10.8.2"
  resolved "https://registry.npm.taobao.org/jake/download/jake-10.8.2.tgz#ebc9de8558160a66d82d0eadc6a2e58fbc500a7b"
  integrity sha1-68nehVgWCmbYLQ6txqLlj7xQCns=
  dependencies:
    async "0.9.x"
    chalk "^2.4.2"
    filelist "^1.0.1"
    minimatch "^3.0.4"

js-sha3@0.5.7:
  version "0.5.7"
  resolved "https://registry.npm.taobao.org/js-sha3/download/js-sha3-0.5.7.tgz#0d4ffd8002d5333aabaf4a23eed2f6374c9f28e7"
  integrity sha1-DU/9gALVMzqrr0oj7tL2N0yfKOc=

locate-path@^5.0.0:
  version "5.0.0"
  resolved "https://registry.npm.taobao.org/locate-path/download/locate-path-5.0.0.tgz#1afba396afd676a6d42504d0a67a3a7eb9f62aa0"
  integrity sha1-Gvujlq/WdqbUJQTQpno6frn2KqA=
  dependencies:
    p-locate "^4.1.0"

lodash@^4.17.14:
  version "4.17.20"
  resolved "https://registry.npm.taobao.org/lodash/download/lodash-4.17.20.tgz#b44a9b6297bcb698f1c51a3545a2b3b368d59c52"
  integrity sha1-tEqbYpe8tpjxxRo1RaKzs2jVnFI=

minimalistic-assert@^1.0.0, minimalistic-assert@^1.0.1:
  version "1.0.1"
  resolved "https://registry.npm.taobao.org/minimalistic-assert/download/minimalistic-assert-1.0.1.tgz#2e194de044626d4a10e7f7fbc00ce73e83e4d5c7"
  integrity sha1-LhlN4ERibUoQ5/f7wAznPoPk1cc=

minimalistic-crypto-utils@^1.0.0, minimalistic-crypto-utils@^1.0.1:
  version "1.0.1"
  resolved "https://registry.npm.taobao.org/minimalistic-crypto-utils/download/minimalistic-crypto-utils-1.0.1.tgz#f6c00c1c0b082246e5c4d99dfb8c7c083b2b582a"
  integrity sha1-9sAMHAsIIkblxNmd+4x8CDsrWCo=

minimatch@^3.0.4:
  version "3.0.4"
  resolved "https://registry.npm.taobao.org/minimatch/download/minimatch-3.0.4.tgz#5166e286457f03306064be5497e8dbb0c3d32083"
  integrity sha1-UWbihkV/AzBgZL5Ul+jbsMPTIIM=
  dependencies:
    brace-expansion "^1.1.7"

ms@2.0.0:
  version "2.0.0"
  resolved "https://registry.npm.taobao.org/ms/download/ms-2.0.0.tgz#5608aeadfc00be6c2901df5f9861788de0d597c8"
  integrity sha1-VgiurfwAvmwpAd9fmGF4jeDVl8g=

nan@^2.2.1:
  version "2.14.1"
  resolved "https://registry.npm.taobao.org/nan/download/nan-2.14.1.tgz#d7be34dfa3105b91494c3147089315eff8874b01"
  integrity sha1-174036MQW5FJTDFHCJMV7/iHSwE=

nanoassert@^1.0.0:
  version "1.1.0"
  resolved "https://registry.npm.taobao.org/nanoassert/download/nanoassert-1.1.0.tgz#4f3152e09540fde28c76f44b19bbcd1d5a42478d"
  integrity sha1-TzFS4JVA/eKMdvRLGbvNHVpCR40=

once@^1.3.0:
  version "1.4.0"
  resolved "https://registry.npm.taobao.org/once/download/once-1.4.0.tgz#583b1aa775961d4b113ac17d9c50baef9dd76bd1"
  integrity sha1-WDsap3WWHUsROsF9nFC6753Xa9E=
  dependencies:
    wrappy "1"

p-limit@^2.2.0:
  version "2.3.0"
  resolved "https://registry.npm.taobao.org/p-limit/download/p-limit-2.3.0.tgz#3dd33c647a214fdfffd835933eb086da0dc21db1"
  integrity sha1-PdM8ZHohT9//2DWTPrCG2g3CHbE=
  dependencies:
    p-try "^2.0.0"

p-locate@^4.1.0:
  version "4.1.0"
  resolved "https://registry.npm.taobao.org/p-locate/download/p-locate-4.1.0.tgz#a3428bb7088b3a60292f66919278b7c297ad4f07"
  integrity sha1-o0KLtwiLOmApL2aRkni3wpetTwc=
  dependencies:
    p-limit "^2.2.0"

p-try@^2.0.0:
  version "2.2.0"
  resolved "https://registry.npm.taobao.org/p-try/download/p-try-2.2.0.tgz#cb2868540e313d61de58fafbe35ce9004d5540e6"
  integrity sha1-yyhoVA4xPWHeWPr741zpAE1VQOY=

path-exists@^4.0.0:
  version "4.0.0"
  resolved "https://registry.npm.taobao.org/path-exists/download/path-exists-4.0.0.tgz#513bdbe2d3b95d7762e8c1137efa195c6c61b5b3"
  integrity sha1-UTvb4tO5XXdi6METfvoZXGxhtbM=

path-is-absolute@^1.0.0:
  version "1.0.1"
  resolved "https://registry.npm.taobao.org/path-is-absolute/download/path-is-absolute-1.0.1.tgz#174b9268735534ffbc7ace6bf53a5a9e1b5c5f5f"
  integrity sha1-F0uSaHNVNP+8es5r9TpanhtcX18=

pathval@^1.1.0:
  version "1.1.0"
  resolved "https://registry.npm.taobao.org/pathval/download/pathval-1.1.0.tgz#b942e6d4bde653005ef6b71361def8727d0645e0"
  integrity sha1-uULm1L3mUwBe9rcTYd74cn0GReA=

r1csfile@0.0.14:
  version "0.0.14"
  resolved "https://registry.npm.taobao.org/r1csfile/download/r1csfile-0.0.14.tgz#145d79cfb15c18ddfb0ee76f8df721eacce7b27f"
  integrity sha1-FF15z7FcGN37Dudvjfch6sznsn8=
  dependencies:
    fastfile "0.0.7"
    ffjavascript "0.2.4"

regenerator-runtime@^0.11.0:
  version "0.11.1"
  resolved "https://registry.npm.taobao.org/regenerator-runtime/download/regenerator-runtime-0.11.1.tgz#be05ad7f9bf7d22e056f9726cee5017fbf19e2e9"
  integrity sha1-vgWtf5v30i4Fb5cmzuUBf78Z4uk=

regenerator-runtime@^0.13.4:
  version "0.13.7"
  resolved "https://registry.npm.taobao.org/regenerator-runtime/download/regenerator-runtime-0.13.7.tgz#cac2dacc8a1ea675feaabaeb8ae833898ae46f55"
  integrity sha1-ysLazIoepnX+qrrriugziYrkb1U=

require-directory@^2.1.1:
  version "2.1.1"
  resolved "https://registry.npm.taobao.org/require-directory/download/require-directory-2.1.1.tgz#8c64ad5fd30dab1c976e2344ffe7f792a6a6df42"
  integrity sha1-jGStX9MNqxyXbiNE/+f3kqam30I=

require-main-filename@^2.0.0:
  version "2.0.0"
  resolved "https://registry.npm.taobao.org/require-main-filename/download/require-main-filename-2.0.0.tgz#d0b329ecc7cc0f61649f62215be69af54aa8989b"
  integrity sha1-0LMp7MfMD2Fkn2IhW+aa9UqomJs=

rimraf@^2.6.3:
  version "2.7.1"
  resolved "https://registry.npm.taobao.org/rimraf/download/rimraf-2.7.1.tgz#35797f13a7fdadc566142c29d4f07ccad483e3ec"
  integrity sha1-NXl/E6f9rcVmFCwp1PB8ytSD4+w=
  dependencies:
    glob "^7.1.3"

scrypt-js@3.0.1:
  version "3.0.1"
  resolved "https://registry.npm.taobao.org/scrypt-js/download/scrypt-js-3.0.1.tgz#d314a57c2aef69d1ad98a138a21fe9eafa9ee312"
  integrity sha1-0xSlfCrvadGtmKE4oh/p6vqe4xI=

semver@^5.6.0:
  version "5.7.1"
  resolved "https://registry.npm.taobao.org/semver/download/semver-5.7.1.tgz?cache=0&sync_timestamp=1599828351539&other_urls=https%3A%2F%2Fregistry.npm.taobao.org%2Fsemver%2Fdownload%2Fsemver-5.7.1.tgz#a954f931aeba508d307bbf069eff0c01c96116f7"
  integrity sha1-qVT5Ma66UI0we78Gnv8MAclhFvc=

set-blocking@^2.0.0:
  version "2.0.0"
  resolved "https://registry.npm.taobao.org/set-blocking/download/set-blocking-2.0.0.tgz#045f9782d011ae9a6803ddd382b24392b3d890f7"
  integrity sha1-BF+XgtARrppoA93TgrJDkrPYkPc=

string-width@^4.1.0, string-width@^4.2.0:
  version "4.2.0"
  resolved "https://registry.npm.taobao.org/string-width/download/string-width-4.2.0.tgz#952182c46cc7b2c313d1596e623992bd163b72b5"
  integrity sha1-lSGCxGzHssMT0VluYjmSvRY7crU=
  dependencies:
    emoji-regex "^8.0.0"
    is-fullwidth-code-point "^3.0.0"
    strip-ansi "^6.0.0"

strip-ansi@^6.0.0:
  version "6.0.0"
  resolved "https://registry.npm.taobao.org/strip-ansi/download/strip-ansi-6.0.0.tgz#0b1571dd7669ccd4f3e06e14ef1eed26225ae532"
  integrity sha1-CxVx3XZpzNTz4G4U7x7tJiJa5TI=
  dependencies:
    ansi-regex "^5.0.0"

supports-color@^5.3.0:
  version "5.5.0"
  resolved "https://registry.npm.taobao.org/supports-color/download/supports-color-5.5.0.tgz?cache=0&sync_timestamp=1598611771865&other_urls=https%3A%2F%2Fregistry.npm.taobao.org%2Fsupports-color%2Fdownload%2Fsupports-color-5.5.0.tgz#e2e69a44ac8772f78a1ec0b35b689df6530efc8f"
  integrity sha1-4uaaRKyHcveKHsCzW2id9lMO/I8=
  dependencies:
    has-flag "^3.0.0"

tmp-promise@^2.0.2:
  version "2.1.1"
  resolved "https://registry.npm.taobao.org/tmp-promise/download/tmp-promise-2.1.1.tgz#eb97c038995af74efbfe8156f5e07fdd0c935539"
  integrity sha1-65fAOJla9077/oFW9eB/3QyTVTk=
  dependencies:
    tmp "0.1.0"

tmp@0.1.0:
  version "0.1.0"
  resolved "https://registry.npm.taobao.org/tmp/download/tmp-0.1.0.tgz#ee434a4e22543082e294ba6201dcc6eafefa2877"
  integrity sha1-7kNKTiJUMILilLpiAdzG6v76KHc=
  dependencies:
    rimraf "^2.6.3"

tronweb@^3.1.0:
  version "3.1.0"
  resolved "https://registry.npm.taobao.org/tronweb/download/tronweb-3.1.0.tgz#99b93d5ad45623e3eb95d2a49ebd2f825c434665"
  integrity sha1-mbk9WtRWI+PrldKknr0vglxDRmU=
  dependencies:
    "@babel/runtime" "^7.0.0"
    axios "^0.19.0"
    babel-runtime "^6.26.0"
    bignumber.js "^7.2.1"
    elliptic "^6.5.3"
    ethers "^5.0.8"
    eventemitter3 "^3.1.0"
    injectpromise "^1.0.0"
    lodash "^4.17.14"
    semver "^5.6.0"
    validator "^10.7.1"

type-detect@^4.0.0, type-detect@^4.0.5:
  version "4.0.8"
  resolved "https://registry.npm.taobao.org/type-detect/download/type-detect-4.0.8.tgz#7646fb5f18871cfbb7749e69bd39a6388eb7450c"
  integrity sha1-dkb7XxiHHPu3dJ5pvTmmOI63RQw=

validator@^10.7.1:
  version "10.11.0"
  resolved "https://registry.npm.taobao.org/validator/download/validator-10.11.0.tgz?cache=0&sync_timestamp=1600462145960&other_urls=https%3A%2F%2Fregistry.npm.taobao.org%2Fvalidator%2Fdownload%2Fvalidator-10.11.0.tgz#003108ea6e9a9874d31ccc9e5006856ccd76b228"
  integrity sha1-ADEI6m6amHTTHMyeUAaFbM12sig=

wasmbuilder@0.0.10:
  version "0.0.10"
  resolved "https://registry.npm.taobao.org/wasmbuilder/download/wasmbuilder-0.0.10.tgz#b8298b2095ef9979d32f3881d1feef1705ec868a"
  integrity sha1-uCmLIJXvmXnTLziB0f7vFwXshoo=
  dependencies:
    big-integer "^1.6.48"

wasmcurves@0.0.4:
  version "0.0.4"
  resolved "https://registry.npm.taobao.org/wasmcurves/download/wasmcurves-0.0.4.tgz#e5a21b1c8bd6dca4c35262110c9a49d4cdc9ceb2"
  integrity sha1-5aIbHIvW3KTDUmIRDJpJ1M3JzrI=
  dependencies:
    big-integer "^1.6.42"
    blakejs "^1.1.0"

wasmcurves@0.0.5:
  version "0.0.5"
  resolved "https://registry.npm.taobao.org/wasmcurves/download/wasmcurves-0.0.5.tgz#d0b58e803c0b1c09c966b7dc0fad6dd405d18547"
  integrity sha1-0LWOgDwLHAnJZrfcD61t1AXRhUc=
  dependencies:
    big-integer "^1.6.42"
    blakejs "^1.1.0"

which-module@^2.0.0:
  version "2.0.0"
  resolved "https://registry.npm.taobao.org/which-module/download/which-module-2.0.0.tgz#d9ef07dce77b9902b8a3a8fa4b31c3e3f7e6e87a"
  integrity sha1-2e8H3Od7mQK4o6j6SzHD4/fm6Ho=

worker-threads@^1.0.0:
  version "1.0.0"
  resolved "https://registry.npm.taobao.org/worker-threads/download/worker-threads-1.0.0.tgz#2b49ea7c9692ba737d9148f2c9b2be65e14e3470"
  integrity sha1-K0nqfJaSunN9kUjyybK+ZeFONHA=

wrap-ansi@^6.2.0:
  version "6.2.0"
  resolved "https://registry.npm.taobao.org/wrap-ansi/download/wrap-ansi-6.2.0.tgz#e9393ba07102e6c91a3b221478f0257cd2856e53"
  integrity sha1-6Tk7oHEC5skaOyIUePAlfNKFblM=
  dependencies:
    ansi-styles "^4.0.0"
    string-width "^4.1.0"
    strip-ansi "^6.0.0"

wrappy@1:
  version "1.0.2"
  resolved "https://registry.npm.taobao.org/wrappy/download/wrappy-1.0.2.tgz#b5243d8f3ec1aa35f1364605bc0d1036e30ab69f"
  integrity sha1-tSQ9jz7BqjXxNkYFvA0QNuMKtp8=

ws@7.2.3:
  version "7.2.3"
  resolved "https://registry.npm.taobao.org/ws/download/ws-7.2.3.tgz#a5411e1fb04d5ed0efee76d26d5c46d830c39b46"
  integrity sha1-pUEeH7BNXtDv7nbSbVxG2DDDm0Y=

y18n@^4.0.0:
  version "4.0.0"
  resolved "https://registry.npm.taobao.org/y18n/download/y18n-4.0.0.tgz?cache=0&sync_timestamp=1601576683926&other_urls=https%3A%2F%2Fregistry.npm.taobao.org%2Fy18n%2Fdownload%2Fy18n-4.0.0.tgz#95ef94f85ecc81d007c264e190a120f0a3c8566b"
  integrity sha1-le+U+F7MgdAHwmThkKEg8KPIVms=

yargs-parser@^18.1.2:
  version "18.1.3"
  resolved "https://registry.npm.taobao.org/yargs-parser/download/yargs-parser-18.1.3.tgz?cache=0&sync_timestamp=1601576684570&other_urls=https%3A%2F%2Fregistry.npm.taobao.org%2Fyargs-parser%2Fdownload%2Fyargs-parser-18.1.3.tgz#be68c4975c6b2abf469236b0c870362fab09a7b0"
  integrity sha1-vmjEl1xrKr9GkjawyHA2L6sJp7A=
  dependencies:
    camelcase "^5.0.0"
    decamelize "^1.2.0"

yargs@^15.3.1:
  version "15.4.1"
  resolved "https://registry.npm.taobao.org/yargs/download/yargs-15.4.1.tgz?cache=0&sync_timestamp=1600660144351&other_urls=https%3A%2F%2Fregistry.npm.taobao.org%2Fyargs%2Fdownload%2Fyargs-15.4.1.tgz#0d87a16de01aee9d8bec2bfbf74f67851730f4f8"
  integrity sha1-DYehbeAa7p2L7Cv7909nhRcw9Pg=
  dependencies:
    cliui "^6.0.0"
    decamelize "^1.2.0"
    find-up "^4.1.0"
    get-caller-file "^2.0.1"
    require-directory "^2.1.1"
    require-main-filename "^2.0.0"
    set-blocking "^2.0.0"
    string-width "^4.2.0"
    which-module "^2.0.0"
    y18n "^4.0.0"
    yargs-parser "^18.1.2"
